// !$*UTF8*$!
{
	archiveVersion = 1;
	classes = {
	};
	objectVersion = 50;
	objects = {

/* Begin PBXBuildFile section */
		11E11A3E225B2A43001D50C1 /* AppDelegate.swift in Sources */ = {isa = PBXBuildFile; fileRef = 11E11A3D225B2A43001D50C1 /* AppDelegate.swift */; };
		11E11A40225B2A43001D50C1 /* ViewController.swift in Sources */ = {isa = PBXBuildFile; fileRef = 11E11A3F225B2A43001D50C1 /* ViewController.swift */; };
		11E11A43225B2A43001D50C1 /* Main.storyboard in Resources */ = {isa = PBXBuildFile; fileRef = 11E11A41225B2A43001D50C1 /* Main.storyboard */; };
		11E11A45225B2A44001D50C1 /* Assets.xcassets in Resources */ = {isa = PBXBuildFile; fileRef = 11E11A44225B2A44001D50C1 /* Assets.xcassets */; };
		11E11A48225B2A44001D50C1 /* LaunchScreen.storyboard in Resources */ = {isa = PBXBuildFile; fileRef = 11E11A46225B2A44001D50C1 /* LaunchScreen.storyboard */; };
		11E11A53225B2A44001D50C1 /* TechMonsterTests.swift in Sources */ = {isa = PBXBuildFile; fileRef = 11E11A52225B2A44001D50C1 /* TechMonsterTests.swift */; };
		11E11A5E225B2A44001D50C1 /* TechMonsterUITests.swift in Sources */ = {isa = PBXBuildFile; fileRef = 11E11A5D225B2A44001D50C1 /* TechMonsterUITests.swift */; };
		11E11A82225B2A87001D50C1 /* lobby.png in Resources */ = {isa = PBXBuildFile; fileRef = 11E11A6D225B2A87001D50C1 /* lobby.png */; };
		11E11A83225B2A87001D50C1 /* battlebg.png in Resources */ = {isa = PBXBuildFile; fileRef = 11E11A6E225B2A87001D50C1 /* battlebg.png */; };
		11E11A84225B2A87001D50C1 /* bgimage.jpg in Resources */ = {isa = PBXBuildFile; fileRef = 11E11A6F225B2A87001D50C1 /* bgimage.jpg */; };
		11E11A85225B2A87001D50C1 /* waku.png in Resources */ = {isa = PBXBuildFile; fileRef = 11E11A70225B2A87001D50C1 /* waku.png */; };
		11E11A86225B2A87001D50C1 /* gold_button.png in Resources */ = {isa = PBXBuildFile; fileRef = 11E11A71225B2A87001D50C1 /* gold_button.png */; };
		11E11A87225B2A87001D50C1 /* yusya.png in Resources */ = {isa = PBXBuildFile; fileRef = 11E11A72225B2A87001D50C1 /* yusya.png */; };
		11E11A88225B2A87001D50C1 /* monster.png in Resources */ = {isa = PBXBuildFile; fileRef = 11E11A73225B2A87001D50C1 /* monster.png */; };
		11E11A89225B2A87001D50C1 /* Enemy.swift in Sources */ = {isa = PBXBuildFile; fileRef = 11E11A75225B2A87001D50C1 /* Enemy.swift */; };
		11E11A8A225B2A87001D50C1 /* TechDraUtil.swift in Sources */ = {isa = PBXBuildFile; fileRef = 11E11A76225B2A87001D50C1 /* TechDraUtil.swift */; };
		11E11A8B225B2A87001D50C1 /* Player.swift in Sources */ = {isa = PBXBuildFile; fileRef = 11E11A77225B2A87001D50C1 /* Player.swift */; };
		11E11A8C225B2A87001D50C1 /* SE_fanfare.mp3 in Resources */ = {isa = PBXBuildFile; fileRef = 11E11A79225B2A87001D50C1 /* SE_fanfare.mp3 */; };
		11E11A8D225B2A87001D50C1 /* BGM_battle001.mp3 in Resources */ = {isa = PBXBuildFile; fileRef = 11E11A7A225B2A87001D50C1 /* BGM_battle001.mp3 */; };
		11E11A8E225B2A87001D50C1 /* SE_fire.mp3 in Resources */ = {isa = PBXBuildFile; fileRef = 11E11A7B225B2A87001D50C1 /* SE_fire.mp3 */; };
		11E11A8F225B2A87001D50C1 /* SE_attack.mp3 in Resources */ = {isa = PBXBuildFile; fileRef = 11E11A7C225B2A87001D50C1 /* SE_attack.mp3 */; };
		11E11A90225B2A87001D50C1 /* SE_gameover.mp3 in Resources */ = {isa = PBXBuildFile; fileRef = 11E11A7D225B2A87001D50C1 /* SE_gameover.mp3 */; };
		11E11A91225B2A87001D50C1 /* SE_charge.mp3 in Resources */ = {isa = PBXBuildFile; fileRef = 11E11A7E225B2A87001D50C1 /* SE_charge.mp3 */; };
		11E11A92225B2A87001D50C1 /* lobby.mp3 in Resources */ = {isa = PBXBuildFile; fileRef = 11E11A7F225B2A87001D50C1 /* lobby.mp3 */; };
		11E11A93225B2A87001D50C1 /* misaki_gothic.ttf in Resources */ = {isa = PBXBuildFile; fileRef = 11E11A81225B2A87001D50C1 /* misaki_gothic.ttf */; };
		11E11A95225F3268001D50C1 /* LobbyViewController.swift in Sources */ = {isa = PBXBuildFile; fileRef = 11E11A94225F3268001D50C1 /* LobbyViewController.swift */; };
		11E11A97225F3274001D50C1 /* BattleViewController.swift in Sources */ = {isa = PBXBuildFile; fileRef = 11E11A96225F3274001D50C1 /* BattleViewController.swift */; };
/* End PBXBuildFile section */

/* Begin PBXContainerItemProxy section */
		11E11A4F225B2A44001D50C1 /* PBXContainerItemProxy */ = {
			isa = PBXContainerItemProxy;
			containerPortal = 11E11A32225B2A43001D50C1 /* Project object */;
			proxyType = 1;
			remoteGlobalIDString = 11E11A39225B2A43001D50C1;
			remoteInfo = TechMonster;
		};
		11E11A5A225B2A44001D50C1 /* PBXContainerItemProxy */ = {
			isa = PBXContainerItemProxy;
			containerPortal = 11E11A32225B2A43001D50C1 /* Project object */;
			proxyType = 1;
			remoteGlobalIDString = 11E11A39225B2A43001D50C1;
			remoteInfo = TechMonster;
		};
/* End PBXContainerItemProxy section */

/* Begin PBXFileReference section */
		11E11A3A225B2A43001D50C1 /* TechMonster.app */ = {isa = PBXFileReference; explicitFileType = wrapper.application; includeInIndex = 0; path = TechMonster.app; sourceTree = BUILT_PRODUCTS_DIR; };
		11E11A3D225B2A43001D50C1 /* AppDelegate.swift */ = {isa = PBXFileReference; lastKnownFileType = sourcecode.swift; path = AppDelegate.swift; sourceTree = "<group>"; };
		11E11A3F225B2A43001D50C1 /* ViewController.swift */ = {isa = PBXFileReference; lastKnownFileType = sourcecode.swift; path = ViewController.swift; sourceTree = "<group>"; };
		11E11A42225B2A43001D50C1 /* Base */ = {isa = PBXFileReference; lastKnownFileType = file.storyboard; name = Base; path = Base.lproj/Main.storyboard; sourceTree = "<group>"; };
		11E11A44225B2A44001D50C1 /* Assets.xcassets */ = {isa = PBXFileReference; lastKnownFileType = folder.assetcatalog; path = Assets.xcassets; sourceTree = "<group>"; };
		11E11A47225B2A44001D50C1 /* Base */ = {isa = PBXFileReference; lastKnownFileType = file.storyboard; name = Base; path = Base.lproj/LaunchScreen.storyboard; sourceTree = "<group>"; };
		11E11A49225B2A44001D50C1 /* Info.plist */ = {isa = PBXFileReference; lastKnownFileType = text.plist.xml; path = Info.plist; sourceTree = "<group>"; };
		11E11A4E225B2A44001D50C1 /* TechMonsterTests.xctest */ = {isa = PBXFileReference; explicitFileType = wrapper.cfbundle; includeInIndex = 0; path = TechMonsterTests.xctest; sourceTree = BUILT_PRODUCTS_DIR; };
		11E11A52225B2A44001D50C1 /* TechMonsterTests.swift */ = {isa = PBXFileReference; lastKnownFileType = sourcecode.swift; path = TechMonsterTests.swift; sourceTree = "<group>"; };
		11E11A54225B2A44001D50C1 /* Info.plist */ = {isa = PBXFileReference; lastKnownFileType = text.plist.xml; path = Info.plist; sourceTree = "<group>"; };
		11E11A59225B2A44001D50C1 /* TechMonsterUITests.xctest */ = {isa = PBXFileReference; explicitFileType = wrapper.cfbundle; includeInIndex = 0; path = TechMonsterUITests.xctest; sourceTree = BUILT_PRODUCTS_DIR; };
		11E11A5D225B2A44001D50C1 /* TechMonsterUITests.swift */ = {isa = PBXFileReference; lastKnownFileType = sourcecode.swift; path = TechMonsterUITests.swift; sourceTree = "<group>"; };
		11E11A5F225B2A44001D50C1 /* Info.plist */ = {isa = PBXFileReference; lastKnownFileType = text.plist.xml; path = Info.plist; sourceTree = "<group>"; };
		11E11A6D225B2A87001D50C1 /* lobby.png */ = {isa = PBXFileReference; lastKnownFileType = image.png; path = lobby.png; sourceTree = "<group>"; };
		11E11A6E225B2A87001D50C1 /* battlebg.png */ = {isa = PBXFileReference; lastKnownFileType = image.png; path = battlebg.png; sourceTree = "<group>"; };
		11E11A6F225B2A87001D50C1 /* bgimage.jpg */ = {isa = PBXFileReference; lastKnownFileType = image.jpeg; path = bgimage.jpg; sourceTree = "<group>"; };
		11E11A70225B2A87001D50C1 /* waku.png */ = {isa = PBXFileReference; lastKnownFileType = image.png; path = waku.png; sourceTree = "<group>"; };
		11E11A71225B2A87001D50C1 /* gold_button.png */ = {isa = PBXFileReference; lastKnownFileType = image.png; path = gold_button.png; sourceTree = "<group>"; };
		11E11A72225B2A87001D50C1 /* yusya.png */ = {isa = PBXFileReference; lastKnownFileType = image.png; path = yusya.png; sourceTree = "<group>"; };
		11E11A73225B2A87001D50C1 /* monster.png */ = {isa = PBXFileReference; lastKnownFileType = image.png; path = monster.png; sourceTree = "<group>"; };
		11E11A75225B2A87001D50C1 /* Enemy.swift */ = {isa = PBXFileReference; fileEncoding = 4; lastKnownFileType = sourcecode.swift; path = Enemy.swift; sourceTree = "<group>"; };
		11E11A76225B2A87001D50C1 /* TechDraUtil.swift */ = {isa = PBXFileReference; fileEncoding = 4; lastKnownFileType = sourcecode.swift; path = TechDraUtil.swift; sourceTree = "<group>"; };
		11E11A77225B2A87001D50C1 /* Player.swift */ = {isa = PBXFileReference; fileEncoding = 4; lastKnownFileType = sourcecode.swift; path = Player.swift; sourceTree = "<group>"; };
		11E11A79225B2A87001D50C1 /* SE_fanfare.mp3 */ = {isa = PBXFileReference; lastKnownFileType = audio.mp3; path = SE_fanfare.mp3; sourceTree = "<group>"; };
		11E11A7A225B2A87001D50C1 /* BGM_battle001.mp3 */ = {isa = PBXFileReference; lastKnownFileType = audio.mp3; path = BGM_battle001.mp3; sourceTree = "<group>"; };
		11E11A7B225B2A87001D50C1 /* SE_fire.mp3 */ = {isa = PBXFileReference; lastKnownFileType = audio.mp3; path = SE_fire.mp3; sourceTree = "<group>"; };
		11E11A7C225B2A87001D50C1 /* SE_attack.mp3 */ = {isa = PBXFileReference; lastKnownFileType = audio.mp3; path = SE_attack.mp3; sourceTree = "<group>"; };
		11E11A7D225B2A87001D50C1 /* SE_gameover.mp3 */ = {isa = PBXFileReference; lastKnownFileType = audio.mp3; path = SE_gameover.mp3; sourceTree = "<group>"; };
		11E11A7E225B2A87001D50C1 /* SE_charge.mp3 */ = {isa = PBXFileReference; lastKnownFileType = audio.mp3; path = SE_charge.mp3; sourceTree = "<group>"; };
		11E11A7F225B2A87001D50C1 /* lobby.mp3 */ = {isa = PBXFileReference; lastKnownFileType = audio.mp3; path = lobby.mp3; sourceTree = "<group>"; };
		11E11A81225B2A87001D50C1 /* misaki_gothic.ttf */ = {isa = PBXFileReference; lastKnownFileType = file; path = misaki_gothic.ttf; sourceTree = "<group>"; };
		11E11A94225F3268001D50C1 /* LobbyViewController.swift */ = {isa = PBXFileReference; lastKnownFileType = sourcecode.swift; path = LobbyViewController.swift; sourceTree = "<group>"; };
		11E11A96225F3274001D50C1 /* BattleViewController.swift */ = {isa = PBXFileReference; lastKnownFileType = sourcecode.swift; path = BattleViewController.swift; sourceTree = "<group>"; };
/* End PBXFileReference section */

/* Begin PBXFrameworksBuildPhase section */
		11E11A37225B2A43001D50C1 /* Frameworks */ = {
			isa = PBXFrameworksBuildPhase;
			buildActionMask = 2147483647;
			files = (
			);
			runOnlyForDeploymentPostprocessing = 0;
		};
		11E11A4B225B2A44001D50C1 /* Frameworks */ = {
			isa = PBXFrameworksBuildPhase;
			buildActionMask = 2147483647;
			files = (
			);
			runOnlyForDeploymentPostprocessing = 0;
		};
		11E11A56225B2A44001D50C1 /* Frameworks */ = {
			isa = PBXFrameworksBuildPhase;
			buildActionMask = 2147483647;
			files = (
			);
			runOnlyForDeploymentPostprocessing = 0;
		};
/* End PBXFrameworksBuildPhase section */

/* Begin PBXGroup section */
		11E11A31225B2A43001D50C1 = {
			isa = PBXGroup;
			children = (
				11E11A3C225B2A43001D50C1 /* TechMonster */,
				11E11A51225B2A44001D50C1 /* TechMonsterTests */,
				11E11A5C225B2A44001D50C1 /* TechMonsterUITests */,
				11E11A3B225B2A43001D50C1 /* Products */,
			);
			sourceTree = "<group>";
		};
		11E11A3B225B2A43001D50C1 /* Products */ = {
			isa = PBXGroup;
			children = (
				11E11A3A225B2A43001D50C1 /* TechMonster.app */,
				11E11A4E225B2A44001D50C1 /* TechMonsterTests.xctest */,
				11E11A59225B2A44001D50C1 /* TechMonsterUITests.xctest */,
			);
			name = Products;
			sourceTree = "<group>";
		};
		11E11A3C225B2A43001D50C1 /* TechMonster */ = {
			isa = PBXGroup;
			children = (
				11E11A6B225B2A87001D50C1 /* TechMon_Resources */,
				11E11A3D225B2A43001D50C1 /* AppDelegate.swift */,
				11E11A94225F3268001D50C1 /* LobbyViewController.swift */,
				11E11A96225F3274001D50C1 /* BattleViewController.swift */,
				11E11A3F225B2A43001D50C1 /* ViewController.swift */,
				11E11A41225B2A43001D50C1 /* Main.storyboard */,
				11E11A44225B2A44001D50C1 /* Assets.xcassets */,
				11E11A46225B2A44001D50C1 /* LaunchScreen.storyboard */,
				11E11A49225B2A44001D50C1 /* Info.plist */,
			);
			path = TechMonster;
			sourceTree = "<group>";
		};
		11E11A51225B2A44001D50C1 /* TechMonsterTests */ = {
			isa = PBXGroup;
			children = (
				11E11A52225B2A44001D50C1 /* TechMonsterTests.swift */,
				11E11A54225B2A44001D50C1 /* Info.plist */,
			);
			path = TechMonsterTests;
			sourceTree = "<group>";
		};
		11E11A5C225B2A44001D50C1 /* TechMonsterUITests */ = {
			isa = PBXGroup;
			children = (
				11E11A5D225B2A44001D50C1 /* TechMonsterUITests.swift */,
				11E11A5F225B2A44001D50C1 /* Info.plist */,
			);
			path = TechMonsterUITests;
			sourceTree = "<group>";
		};
		11E11A6B225B2A87001D50C1 /* TechMon_Resources */ = {
			isa = PBXGroup;
			children = (
				11E11A6C225B2A87001D50C1 /* Images */,
				11E11A74225B2A87001D50C1 /* Models */,
				11E11A78225B2A87001D50C1 /* Sounds */,
				11E11A80225B2A87001D50C1 /* Fonts */,
			);
			path = TechMon_Resources;
			sourceTree = "<group>";
		};
		11E11A6C225B2A87001D50C1 /* Images */ = {
			isa = PBXGroup;
			children = (
				11E11A6D225B2A87001D50C1 /* lobby.png */,
				11E11A6E225B2A87001D50C1 /* battlebg.png */,
				11E11A6F225B2A87001D50C1 /* bgimage.jpg */,
				11E11A70225B2A87001D50C1 /* waku.png */,
				11E11A71225B2A87001D50C1 /* gold_button.png */,
				11E11A72225B2A87001D50C1 /* yusya.png */,
				11E11A73225B2A87001D50C1 /* monster.png */,
			);
			path = Images;
			sourceTree = "<group>";
		};
		11E11A74225B2A87001D50C1 /* Models */ = {
			isa = PBXGroup;
			children = (
				11E11A75225B2A87001D50C1 /* Enemy.swift */,
				11E11A76225B2A87001D50C1 /* TechDraUtil.swift */,
				11E11A77225B2A87001D50C1 /* Player.swift */,
			);
			path = Models;
			sourceTree = "<group>";
		};
		11E11A78225B2A87001D50C1 /* Sounds */ = {
			isa = PBXGroup;
			children = (
				11E11A79225B2A87001D50C1 /* SE_fanfare.mp3 */,
				11E11A7A225B2A87001D50C1 /* BGM_battle001.mp3 */,
				11E11A7B225B2A87001D50C1 /* SE_fire.mp3 */,
				11E11A7C225B2A87001D50C1 /* SE_attack.mp3 */,
				11E11A7D225B2A87001D50C1 /* SE_gameover.mp3 */,
				11E11A7E225B2A87001D50C1 /* SE_charge.mp3 */,
				11E11A7F225B2A87001D50C1 /* lobby.mp3 */,
			);
			path = Sounds;
			sourceTree = "<group>";
		};
		11E11A80225B2A87001D50C1 /* Fonts */ = {
			isa = PBXGroup;
			children = (
				11E11A81225B2A87001D50C1 /* misaki_gothic.ttf */,
			);
			path = Fonts;
			sourceTree = "<group>";
		};
/* End PBXGroup section */

/* Begin PBXNativeTarget section */
		11E11A39225B2A43001D50C1 /* TechMonster */ = {
			isa = PBXNativeTarget;
			buildConfigurationList = 11E11A62225B2A44001D50C1 /* Build configuration list for PBXNativeTarget "TechMonster" */;
			buildPhases = (
				11E11A36225B2A43001D50C1 /* Sources */,
				11E11A37225B2A43001D50C1 /* Frameworks */,
				11E11A38225B2A43001D50C1 /* Resources */,
			);
			buildRules = (
			);
			dependencies = (
			);
			name = TechMonster;
			productName = TechMonster;
			productReference = 11E11A3A225B2A43001D50C1 /* TechMonster.app */;
			productType = "com.apple.product-type.application";
		};
		11E11A4D225B2A44001D50C1 /* TechMonsterTests */ = {
			isa = PBXNativeTarget;
			buildConfigurationList = 11E11A65225B2A44001D50C1 /* Build configuration list for PBXNativeTarget "TechMonsterTests" */;
			buildPhases = (
				11E11A4A225B2A44001D50C1 /* Sources */,
				11E11A4B225B2A44001D50C1 /* Frameworks */,
				11E11A4C225B2A44001D50C1 /* Resources */,
			);
			buildRules = (
			);
			dependencies = (
				11E11A50225B2A44001D50C1 /* PBXTargetDependency */,
			);
			name = TechMonsterTests;
			productName = TechMonsterTests;
			productReference = 11E11A4E225B2A44001D50C1 /* TechMonsterTests.xctest */;
			productType = "com.apple.product-type.bundle.unit-test";
		};
		11E11A58225B2A44001D50C1 /* TechMonsterUITests */ = {
			isa = PBXNativeTarget;
			buildConfigurationList = 11E11A68225B2A44001D50C1 /* Build configuration list for PBXNativeTarget "TechMonsterUITests" */;
			buildPhases = (
				11E11A55225B2A44001D50C1 /* Sources */,
				11E11A56225B2A44001D50C1 /* Frameworks */,
				11E11A57225B2A44001D50C1 /* Resources */,
			);
			buildRules = (
			);
			dependencies = (
				11E11A5B225B2A44001D50C1 /* PBXTargetDependency */,
			);
			name = TechMonsterUITests;
			productName = TechMonsterUITests;
			productReference = 11E11A59225B2A44001D50C1 /* TechMonsterUITests.xctest */;
			productType = "com.apple.product-type.bundle.ui-testing";
		};
/* End PBXNativeTarget section */

/* Begin PBXProject section */
		11E11A32225B2A43001D50C1 /* Project object */ = {
			isa = PBXProject;
			attributes = {
				LastSwiftUpdateCheck = 1010;
				LastUpgradeCheck = 1010;
				ORGANIZATIONNAME = "Sakine Nishibayashi";
				TargetAttributes = {
					11E11A39225B2A43001D50C1 = {
						CreatedOnToolsVersion = 10.1;
					};
					11E11A4D225B2A44001D50C1 = {
						CreatedOnToolsVersion = 10.1;
						TestTargetID = 11E11A39225B2A43001D50C1;
					};
					11E11A58225B2A44001D50C1 = {
						CreatedOnToolsVersion = 10.1;
						TestTargetID = 11E11A39225B2A43001D50C1;
					};
				};
			};
			buildConfigurationList = 11E11A35225B2A43001D50C1 /* Build configuration list for PBXProject "TechMonster" */;
			compatibilityVersion = "Xcode 9.3";
			developmentRegion = en;
			hasScannedForEncodings = 0;
			knownRegions = (
				en,
				Base,
			);
			mainGroup = 11E11A31225B2A43001D50C1;
			productRefGroup = 11E11A3B225B2A43001D50C1 /* Products */;
			projectDirPath = "";
			projectRoot = "";
			targets = (
				11E11A39225B2A43001D50C1 /* TechMonster */,
				11E11A4D225B2A44001D50C1 /* TechMonsterTests */,
				11E11A58225B2A44001D50C1 /* TechMonsterUITests */,
			);
		};
/* End PBXProject section */

/* Begin PBXResourcesBuildPhase section */
		11E11A38225B2A43001D50C1 /* Resources */ = {
			isa = PBXResourcesBuildPhase;
			buildActionMask = 2147483647;
			files = (
				11E11A87225B2A87001D50C1 /* yusya.png in Resources */,
				11E11A84225B2A87001D50C1 /* bgimage.jpg in Resources */,
				11E11A85225B2A87001D50C1 /* waku.png in Resources */,
				11E11A8C225B2A87001D50C1 /* SE_fanfare.mp3 in Resources */,
				11E11A82225B2A87001D50C1 /* lobby.png in Resources */,
				11E11A86225B2A87001D50C1 /* gold_button.png in Resources */,
				11E11A8F225B2A87001D50C1 /* SE_attack.mp3 in Resources */,
				11E11A48225B2A44001D50C1 /* LaunchScreen.storyboard in Resources */,
				11E11A92225B2A87001D50C1 /* lobby.mp3 in Resources */,
				11E11A45225B2A44001D50C1 /* Assets.xcassets in Resources */,
				11E11A93225B2A87001D50C1 /* misaki_gothic.ttf in Resources */,
				11E11A90225B2A87001D50C1 /* SE_gameover.mp3 in Resources */,
				11E11A83225B2A87001D50C1 /* battlebg.png in Resources */,
				11E11A8D225B2A87001D50C1 /* BGM_battle001.mp3 in Resources */,
				11E11A91225B2A87001D50C1 /* SE_charge.mp3 in Resources */,
				11E11A8E225B2A87001D50C1 /* SE_fire.mp3 in Resources */,
				11E11A88225B2A87001D50C1 /* monster.png in Resources */,
				11E11A43225B2A43001D50C1 /* Main.storyboard in Resources */,
			);
			runOnlyForDeploymentPostprocessing = 0;
		};
		11E11A4C225B2A44001D50C1 /* Resources */ = {
			isa = PBXResourcesBuildPhase;
			buildActionMask = 2147483647;
			files = (
			);
			runOnlyForDeploymentPostprocessing = 0;
		};
		11E11A57225B2A44001D50C1 /* Resources */ = {
			isa = PBXResourcesBuildPhase;
			buildActionMask = 2147483647;
			files = (
			);
			runOnlyForDeploymentPostprocessing = 0;
		};
/* End PBXResourcesBuildPhase section */

/* Begin PBXSourcesBuildPhase section */
		11E11A36225B2A43001D50C1 /* Sources */ = {
			isa = PBXSourcesBuildPhase;
			buildActionMask = 2147483647;
			files = (
				11E11A97225F3274001D50C1 /* BattleViewController.swift in Sources */,
				11E11A40225B2A43001D50C1 /* ViewController.swift in Sources */,
				11E11A8A225B2A87001D50C1 /* TechDraUtil.swift in Sources */,
				11E11A3E225B2A43001D50C1 /* AppDelegate.swift in Sources */,
				11E11A95225F3268001D50C1 /* LobbyViewController.swift in Sources */,
				11E11A8B225B2A87001D50C1 /* Player.swift in Sources */,
				11E11A89225B2A87001D50C1 /* Enemy.swift in Sources */,
			);
			runOnlyForDeploymentPostprocessing = 0;
		};
		11E11A4A225B2A44001D50C1 /* Sources */ = {
			isa = PBXSourcesBuildPhase;
			buildActionMask = 2147483647;
			files = (
				11E11A53225B2A44001D50C1 /* TechMonsterTests.swift in Sources */,
			);
			runOnlyForDeploymentPostprocessing = 0;
		};
		11E11A55225B2A44001D50C1 /* Sources */ = {
			isa = PBXSourcesBuildPhase;
			buildActionMask = 2147483647;
			files = (
				11E11A5E225B2A44001D50C1 /* TechMonsterUITests.swift in Sources */,
			);
			runOnlyForDeploymentPostprocessing = 0;
		};
/* End PBXSourcesBuildPhase section */

/* Begin PBXTargetDependency section */
		11E11A50225B2A44001D50C1 /* PBXTargetDependency */ = {
			isa = PBXTargetDependency;
			target = 11E11A39225B2A43001D50C1 /* TechMonster */;
			targetProxy = 11E11A4F225B2A44001D50C1 /* PBXContainerItemProxy */;
		};
		11E11A5B225B2A44001D50C1 /* PBXTargetDependency */ = {
			isa = PBXTargetDependency;
			target = 11E11A39225B2A43001D50C1 /* TechMonster */;
			targetProxy = 11E11A5A225B2A44001D50C1 /* PBXContainerItemProxy */;
		};
/* End PBXTargetDependency section */

/* Begin PBXVariantGroup section */
		11E11A41225B2A43001D50C1 /* Main.storyboard */ = {
			isa = PBXVariantGroup;
			children = (
				11E11A42225B2A43001D50C1 /* Base */,
			);
			name = Main.storyboard;
			sourceTree = "<group>";
		};
		11E11A46225B2A44001D50C1 /* LaunchScreen.storyboard */ = {
			isa = PBXVariantGroup;
			children = (
				11E11A47225B2A44001D50C1 /* Base */,
			);
			name = LaunchScreen.storyboard;
			sourceTree = "<group>";
		};
/* End PBXVariantGroup section */

/* Begin XCBuildConfiguration section */
		11E11A60225B2A44001D50C1 /* Debug */ = {
			isa = XCBuildConfiguration;
			buildSettings = {
				ALWAYS_SEARCH_USER_PATHS = NO;
				CLANG_ANALYZER_NONNULL = YES;
				CLANG_ANALYZER_NUMBER_OBJECT_CONVERSION = YES_AGGRESSIVE;
				CLANG_CXX_LANGUAGE_STANDARD = "gnu++14";
				CLANG_CXX_LIBRARY = "libc++";
				CLANG_ENABLE_MODULES = YES;
				CLANG_ENABLE_OBJC_ARC = YES;
				CLANG_ENABLE_OBJC_WEAK = YES;
				CLANG_WARN_BLOCK_CAPTURE_AUTORELEASING = YES;
				CLANG_WARN_BOOL_CONVERSION = YES;
				CLANG_WARN_COMMA = YES;
				CLANG_WARN_CONSTANT_CONVERSION = YES;
				CLANG_WARN_DEPRECATED_OBJC_IMPLEMENTATIONS = YES;
				CLANG_WARN_DIRECT_OBJC_ISA_USAGE = YES_ERROR;
				CLANG_WARN_DOCUMENTATION_COMMENTS = YES;
				CLANG_WARN_EMPTY_BODY = YES;
				CLANG_WARN_ENUM_CONVERSION = YES;
				CLANG_WARN_INFINITE_RECURSION = YES;
				CLANG_WARN_INT_CONVERSION = YES;
				CLANG_WARN_NON_LITERAL_NULL_CONVERSION = YES;
				CLANG_WARN_OBJC_IMPLICIT_RETAIN_SELF = YES;
				CLANG_WARN_OBJC_LITERAL_CONVERSION = YES;
				CLANG_WARN_OBJC_ROOT_CLASS = YES_ERROR;
				CLANG_WARN_RANGE_LOOP_ANALYSIS = YES;
				CLANG_WARN_STRICT_PROTOTYPES = YES;
				CLANG_WARN_SUSPICIOUS_MOVE = YES;
				CLANG_WARN_UNGUARDED_AVAILABILITY = YES_AGGRESSIVE;
				CLANG_WARN_UNREACHABLE_CODE = YES;
				CLANG_WARN__DUPLICATE_METHOD_MATCH = YES;
				CODE_SIGN_IDENTITY = "iPhone Developer";
				COPY_PHASE_STRIP = NO;
				DEBUG_INFORMATION_FORMAT = dwarf;
				ENABLE_STRICT_OBJC_MSGSEND = YES;
				ENABLE_TESTABILITY = YES;
				GCC_C_LANGUAGE_STANDARD = gnu11;
				GCC_DYNAMIC_NO_PIC = NO;
				GCC_NO_COMMON_BLOCKS = YES;
				GCC_OPTIMIZATION_LEVEL = 0;
				GCC_PREPROCESSOR_DEFINITIONS = (
					"DEBUG=1",
					"$(inherited)",
				);
				GCC_WARN_64_TO_32_BIT_CONVERSION = YES;
				GCC_WARN_ABOUT_RETURN_TYPE = YES_ERROR;
				GCC_WARN_UNDECLARED_SELECTOR = YES;
				GCC_WARN_UNINITIALIZED_AUTOS = YES_AGGRESSIVE;
				GCC_WARN_UNUSED_FUNCTION = YES;
				GCC_WARN_UNUSED_VARIABLE = YES;
				IPHONEOS_DEPLOYMENT_TARGET = 12.1;
				MTL_ENABLE_DEBUG_INFO = INCLUDE_SOURCE;
				MTL_FAST_MATH = YES;
				ONLY_ACTIVE_ARCH = YES;
				SDKROOT = iphoneos;
				SWIFT_ACTIVE_COMPILATION_CONDITIONS = DEBUG;
				SWIFT_OPTIMIZATION_LEVEL = "-Onone";
			};
			name = Debug;
		};
		11E11A61225B2A44001D50C1 /* Release */ = {
			isa = XCBuildConfiguration;
			buildSettings = {
				ALWAYS_SEARCH_USER_PATHS = NO;
				CLANG_ANALYZER_NONNULL = YES;
				CLANG_ANALYZER_NUMBER_OBJECT_CONVERSION = YES_AGGRESSIVE;
				CLANG_CXX_LANGUAGE_STANDARD = "gnu++14";
				CLANG_CXX_LIBRARY = "libc++";
				CLANG_ENABLE_MODULES = YES;
				CLANG_ENABLE_OBJC_ARC = YES;
				CLANG_ENABLE_OBJC_WEAK = YES;
				CLANG_WARN_BLOCK_CAPTURE_AUTORELEASING = YES;
				CLANG_WARN_BOOL_CONVERSION = YES;
				CLANG_WARN_COMMA = YES;
				CLANG_WARN_CONSTANT_CONVERSION = YES;
				CLANG_WARN_DEPRECATED_OBJC_IMPLEMENTATIONS = YES;
				CLANG_WARN_DIRECT_OBJC_ISA_USAGE = YES_ERROR;
				CLANG_WARN_DOCUMENTATION_COMMENTS = YES;
				CLANG_WARN_EMPTY_BODY = YES;
				CLANG_WARN_ENUM_CONVERSION = YES;
				CLANG_WARN_INFINITE_RECURSION = YES;
				CLANG_WARN_INT_CONVERSION = YES;
				CLANG_WARN_NON_LITERAL_NULL_CONVERSION = YES;
				CLANG_WARN_OBJC_IMPLICIT_RETAIN_SELF = YES;
				CLANG_WARN_OBJC_LITERAL_CONVERSION = YES;
				CLANG_WARN_OBJC_ROOT_CLASS = YES_ERROR;
				CLANG_WARN_RANGE_LOOP_ANALYSIS = YES;
				CLANG_WARN_STRICT_PROTOTYPES = YES;
				CLANG_WARN_SUSPICIOUS_MOVE = YES;
				CLANG_WARN_UNGUARDED_AVAILABILITY = YES_AGGRESSIVE;
				CLANG_WARN_UNREACHABLE_CODE = YES;
				CLANG_WARN__DUPLICATE_METHOD_MATCH = YES;
				CODE_SIGN_IDENTITY = "iPhone Developer";
				COPY_PHASE_STRIP = NO;
				DEBUG_INFORMATION_FORMAT = "dwarf-with-dsym";
				ENABLE_NS_ASSERTIONS = NO;
				ENABLE_STRICT_OBJC_MSGSEND = YES;
				GCC_C_LANGUAGE_STANDARD = gnu11;
				GCC_NO_COMMON_BLOCKS = YES;
				GCC_WARN_64_TO_32_BIT_CONVERSION = YES;
				GCC_WARN_ABOUT_RETURN_TYPE = YES_ERROR;
				GCC_WARN_UNDECLARED_SELECTOR = YES;
				GCC_WARN_UNINITIALIZED_AUTOS = YES_AGGRESSIVE;
				GCC_WARN_UNUSED_FUNCTION = YES;
				GCC_WARN_UNUSED_VARIABLE = YES;
				IPHONEOS_DEPLOYMENT_TARGET = 12.1;
				MTL_ENABLE_DEBUG_INFO = NO;
				MTL_FAST_MATH = YES;
				SDKROOT = iphoneos;
				SWIFT_COMPILATION_MODE = wholemodule;
				SWIFT_OPTIMIZATION_LEVEL = "-O";
				VALIDATE_PRODUCT = YES;
			};
			name = Release;
		};
		11E11A63225B2A44001D50C1 /* Debug */ = {
			isa = XCBuildConfiguration;
			buildSettings = {
				ASSETCATALOG_COMPILER_APPICON_NAME = AppIcon;
				CODE_SIGN_STYLE = Automatic;
				DEVELOPMENT_TEAM = 6753PY9LZ8;
				INFOPLIST_FILE = TechMonster/Info.plist;
				LD_RUNPATH_SEARCH_PATHS = (
					"$(inherited)",
					"@executable_path/Frameworks",
				);
				PRODUCT_BUNDLE_IDENTIFIER = sakine.TechMonster;
				PRODUCT_NAME = "$(TARGET_NAME)";
				SWIFT_VERSION = 4.2;
				TARGETED_DEVICE_FAMILY = "1,2";
			};
			name = Debug;
		};
		11E11A64225B2A44001D50C1 /* Release */ = {
			isa = XCBuildConfiguration;
			buildSettings = {
				ASSETCATALOG_COMPILER_APPICON_NAME = AppIcon;
				CODE_SIGN_STYLE = Automatic;
				DEVELOPMENT_TEAM = 6753PY9LZ8;
				INFOPLIST_FILE = TechMonster/Info.plist;
				LD_RUNPATH_SEARCH_PATHS = (
					"$(inherited)",
					"@executable_path/Frameworks",
				);
				PRODUCT_BUNDLE_IDENTIFIER = sakine.TechMonster;
				PRODUCT_NAME = "$(TARGET_NAME)";
				SWIFT_VERSION = 4.2;
				TARGETED_DEVICE_FAMILY = "1,2";
			};
			name = Release;
		};
		11E11A66225B2A44001D50C1 /* Debug */ = {
			isa = XCBuildConfiguration;
			buildSettings = {
				ALWAYS_EMBED_SWIFT_STANDARD_LIBRARIES = YES;
				BUNDLE_LOADER = "$(TEST_HOST)";
				CODE_SIGN_STYLE = Automatic;
				DEVELOPMENT_TEAM = W2T75EV2YE;
				INFOPLIST_FILE = TechMonsterTests/Info.plist;
				LD_RUNPATH_SEARCH_PATHS = (
					"$(inherited)",
					"@executable_path/Frameworks",
					"@loader_path/Frameworks",
				);
				PRODUCT_BUNDLE_IDENTIFIER = sakine.TechMonsterTests;
				PRODUCT_NAME = "$(TARGET_NAME)";
				SWIFT_VERSION = 4.2;
				TARGETED_DEVICE_FAMILY = "1,2";
				TEST_HOST = "$(BUILT_PRODUCTS_DIR)/TechMonster.app/TechMonster";
			};
			name = Debug;
		};
		11E11A67225B2A44001D50C1 /* Release */ = {
			isa = XCBuildConfiguration;
			buildSettings = {
				ALWAYS_EMBED_SWIFT_STANDARD_LIBRARIES = YES;
				BUNDLE_LOADER = "$(TEST_HOST)";
				CODE_SIGN_STYLE = Automatic;
				DEVELOPMENT_TEAM = W2T75EV2YE;
				INFOPLIST_FILE = TechMonsterTests/Info.plist;
				LD_RUNPATH_SEARCH_PATHS = (
					"$(inherited)",
					"@executable_path/Frameworks",
					"@loader_path/Frameworks",
				);
				PRODUCT_BUNDLE_IDENTIFIER = sakine.TechMonsterTests;
				PRODUCT_NAME = "$(TARGET_NAME)";
				SWIFT_VERSION = 4.2;
				TARGETED_DEVICE_FAMILY = "1,2";
				TEST_HOST = "$(BUILT_PRODUCTS_DIR)/TechMonster.app/TechMonster";
			};
			name = Release;
		};
		11E11A69225B2A44001D50C1 /* Debug */ = {
			isa = XCBuildConfiguration;
			buildSettings = {
				ALWAYS_EMBED_SWIFT_STANDARD_LIBRARIES = YES;
				CODE_SIGN_STYLE = Automatic;
				DEVELOPMENT_TEAM = W2T75EV2YE;
				INFOPLIST_FILE = TechMonsterUITests/Info.plist;
				LD_RUNPATH_SEARCH_PATHS = (
					"$(inherited)",
					"@executable_path/Frameworks",
					"@loader_path/Frameworks",
				);
				PRODUCT_BUNDLE_IDENTIFIER = sakine.TechMonsterUITests;
				PRODUCT_NAME = "$(TARGET_NAME)";
				SWIFT_VERSION = 4.2;
				TARGETED_DEVICE_FAMILY = "1,2";
				TEST_TARGET_NAME = TechMonster;
			};
			name = Debug;
		};
		11E11A6A225B2A44001D50C1 /* Release */ = {
			isa = XCBuildConfiguration;
			buildSettings = {
				ALWAYS_EMBED_SWIFT_STANDARD_LIBRARIES = YES;
				CODE_SIGN_STYLE = Automatic;
				DEVELOPMENT_TEAM = W2T75EV2YE;
				INFOPLIST_FILE = TechMonsterUITests/Info.plist;
				LD_RUNPATH_SEARCH_PATHS = (
					"$(inherited)",
					"@executable_path/Frameworks",
					"@loader_path/Frameworks",
				);
				PRODUCT_BUNDLE_IDENTIFIER = sakine.TechMonsterUITests;
				PRODUCT_NAME = "$(TARGET_NAME)";
				SWIFT_VERSION = 4.2;
				TARGETED_DEVICE_FAMILY = "1,2";
				TEST_TARGET_NAME = TechMonster;
			};
			name = Release;
		};
/* End XCBuildConfiguration section */

/* Begin XCConfigurationList section */
		11E11A35225B2A43001D50C1 /* Build configuration list for PBXProject "TechMonster" */ = {
			isa = XCConfigurationList;
			buildConfigurations = (
				11E11A60225B2A44001D50C1 /* Debug */,
				11E11A61225B2A44001D50C1 /* Release */,
			);
			defaultConfigurationIsVisible = 0;
			defaultConfigurationName = Release;
		};
		11E11A62225B2A44001D50C1 /* Build configuration list for PBXNativeTarget "TechMonster" */ = {
			isa = XCConfigurationList;
			buildConfigurations = (
				11E11A63225B2A44001D50C1 /* Debug */,
				11E11A64225B2A44001D50C1 /* Release */,
			);
			defaultConfigurationIsVisible = 0;
			defaultConfigurationName = Release;
		};
		11E11A65225B2A44001D50C1 /* Build configuration list for PBXNativeTarget "TechMonsterTests" */ = {
			isa = XCConfigurationList;
			buildConfigurations = (
				11E11A66225B2A44001D50C1 /* Debug */,
				11E11A67225B2A44001D50C1 /* Release */,
			);
			defaultConfigurationIsVisible = 0;
			defaultConfigurationName = Release;
		};
		11E11A68225B2A44001D50C1 /* Build configuration list for PBXNativeTarget "TechMonsterUITests" */ = {
			isa = XCConfigurationList;
			buildConfigurations = (
				11E11A69225B2A44001D50C1 /* Debug */,
				11E11A6A225B2A44001D50C1 /* Release */,
			);
			defaultConfigurationIsVisible = 0;
			defaultConfigurationName = Release;
		};
/* End XCConfigurationList section */
	};
	rootObject = 11E11A32225B2A43001D50C1 /* Project object */;
}
